
Microsoft Visual Studio Solution File, Format Version 12.00
# Visual Studio Version 17
VisualStudioVersion = 17.9.34728.123
MinimumVisualStudioVersion = 10.0.40219.1
Project("{FAE04EC0-301F-11D3-BF4B-00C04F79EFBC}") = "MVC_EF_Revisited", "MVC_EF_Revisited\MVC_EF_Revisited.csproj", "{12A23BB1-AADD-4AB8-B632-999A6E79A311}"
EndProject
Global
	GlobalSection(SolutionConfigurationPlatforms) = preSolution
		Debug|Any CPU = Debug|Any CPU
		Release|Any CPU = Release|Any CPU
	EndGlobalSection
	GlobalSection(ProjectConfigurationPlatforms) = postSolution
		{12A23BB1-AADD-4AB8-B632-999A6E79A311}.Debug|Any CPU.ActiveCfg = Debug|Any CPU
		{12A23BB1-AADD-4AB8-B632-999A6E79A311}.Debug|Any CPU.Build.0 = Debug|Any CPU
		{12A23BB1-AADD-4AB8-B632-999A6E79A311}.Release|Any CPU.ActiveCfg = Release|Any CPU
		{12A23BB1-AADD-4AB8-B632-999A6E79A311}.Release|Any CPU.Build.0 = Release|Any CPU
	EndGlobalSection
	GlobalSection(SolutionProperties) = preSolution
		HideSolutionNode = FALSE
	EndGlobalSection
	GlobalSection(ExtensibilityGlobals) = postSolution
		SolutionGuid = {13AC4F57-76AE-4BCF-93DB-089B1B1E1FD9}
	EndGlobalSection
EndGlobal
